PODS:
  - IQKeyboardManagerSwift (6.5.10)
  - SDWebImage (5.13.0):
    - SDWebImage/Core (= 5.13.0)
  - SDWebImage/Core (5.13.0)
  - SkeletonView (1.29.2)

DEPENDENCIES:
  - IQKeyboardManagerSwift
  - SDWebImage
  - SkeletonView

SPEC REPOS:
  trunk:
    - IQKeyboardManagerSwift
    - SDWebImage
    - SkeletonView

SPEC CHECKSUMS:
  IQKeyboardManagerSwift: 52962c76ab33532f15ad9f3ff4e5715eda5335bb
  SDWebImage: 0327043dbb9533e75f2eff8445b3df0f2ceca6ac
  SkeletonView: 915a80ecc2b6421ab7ac0f0212321c0cc1406472

PODFILE CHECKSUM: 195e4d00d3edaf7f0914af595424f5c9ddf535cd

COCOAPODS: 1.11.3
