// !$*UTF8*$!
{
	archiveVersion = 1;
	classes = {
	};
	objectVersion = 51;
	objects = {

/* Begin PBXBuildFile section */
		4336A84CC27AE2FDC9CA8567 /* Pods_TheNewsTests.framework in Frameworks */ = {isa = PBXBuildFile; fileRef = B42A4DC7025B862B83FAACE4 /* Pods_TheNewsTests.framework */; };
		95209371017FDE2BE4953AF5 /* Pods_TheNews.framework in Frameworks */ = {isa = PBXBuildFile; fileRef = 56725829026898EAA885BC41 /* Pods_TheNews.framework */; };
		9D021430245E54CD006CAF6D /* UserViewModel.swift in Sources */ = {isa = PBXBuildFile; fileRef = 9D6F4FA6245D8DA600C73649 /* UserViewModel.swift */; };
		9D021431245E54DD006CAF6D /* Global.swift in Sources */ = {isa = PBXBuildFile; fileRef = 9D6F4FA7245D8DA600C73649 /* Global.swift */; };
		9D021432245E54E0006CAF6D /* UserModel.swift in Sources */ = {isa = PBXBuildFile; fileRef = 9D6F4FA8245D8DA600C73649 /* UserModel.swift */; };
		9D021435245E5DFD006CAF6D /* BaseViewController.swift in Sources */ = {isa = PBXBuildFile; fileRef = 9D021434245E5DFD006CAF6D /* BaseViewController.swift */; };
		9D02143B245E6CEF006CAF6D /* LoginViewController.swift in Sources */ = {isa = PBXBuildFile; fileRef = 9D02143A245E6CEF006CAF6D /* LoginViewController.swift */; };
		9D6F4F7D245D55F700C73649 /* MoreViewController.swift in Sources */ = {isa = PBXBuildFile; fileRef = 9D6F4F7C245D55F700C73649 /* MoreViewController.swift */; };
		9D6F4F7F245D560900C73649 /* HeadLinesViewController.swift in Sources */ = {isa = PBXBuildFile; fileRef = 9D6F4F7E245D560900C73649 /* HeadLinesViewController.swift */; };
		9D6F4F81245D561900C73649 /* SearchViewController.swift in Sources */ = {isa = PBXBuildFile; fileRef = 9D6F4F80245D561900C73649 /* SearchViewController.swift */; };
		9D6F4F83245D562400C73649 /* DiscoverViewController.swift in Sources */ = {isa = PBXBuildFile; fileRef = 9D6F4F82245D562400C73649 /* DiscoverViewController.swift */; };
		9D6F4F86245D58D700C73649 /* DashBoardTabController.swift in Sources */ = {isa = PBXBuildFile; fileRef = 9D6F4F85245D58D700C73649 /* DashBoardTabController.swift */; };
		9D6F4F8E245D5E1400C73649 /* Extension.swift in Sources */ = {isa = PBXBuildFile; fileRef = 9D6F4F8D245D5E1400C73649 /* Extension.swift */; };
		9D6F4F91245D5E5500C73649 /* NetworkManager.swift in Sources */ = {isa = PBXBuildFile; fileRef = 9D6F4F90245D5E5500C73649 /* NetworkManager.swift */; };
		9D6F4F94245D67AA00C73649 /* StoryBoardManager.swift in Sources */ = {isa = PBXBuildFile; fileRef = 9D6F4F93245D67AA00C73649 /* StoryBoardManager.swift */; };
		9D6F4F96245D73A000C73649 /* DiscoverModel.swift in Sources */ = {isa = PBXBuildFile; fileRef = 9D6F4F95245D73A000C73649 /* DiscoverModel.swift */; };
		9D6F4F9D245D7A7600C73649 /* ArticlesTableViewCell.swift in Sources */ = {isa = PBXBuildFile; fileRef = 9D6F4F9B245D7A7600C73649 /* ArticlesTableViewCell.swift */; };
		9D6F4F9E245D7A7600C73649 /* ArticlesTableViewCell.xib in Resources */ = {isa = PBXBuildFile; fileRef = 9D6F4F9C245D7A7600C73649 /* ArticlesTableViewCell.xib */; };
		9D6F4FA0245D884C00C73649 /* DiscoverViewModel.swift in Sources */ = {isa = PBXBuildFile; fileRef = 9D6F4F9F245D884C00C73649 /* DiscoverViewModel.swift */; };
		9D6F4FA2245D8C0100C73649 /* DiscoverService.swift in Sources */ = {isa = PBXBuildFile; fileRef = 9D6F4FA1245D8C0100C73649 /* DiscoverService.swift */; };
		9DAD67E0245D4A0300A52F7B /* AppDelegate.swift in Sources */ = {isa = PBXBuildFile; fileRef = 9DAD67DF245D4A0300A52F7B /* AppDelegate.swift */; };
		9DAD67E7245D4A0300A52F7B /* Main.storyboard in Resources */ = {isa = PBXBuildFile; fileRef = 9DAD67E5245D4A0300A52F7B /* Main.storyboard */; };
		9DAD67E9245D4A0400A52F7B /* Assets.xcassets in Resources */ = {isa = PBXBuildFile; fileRef = 9DAD67E8245D4A0400A52F7B /* Assets.xcassets */; };
		9DAD67EC245D4A0400A52F7B /* LaunchScreen.storyboard in Resources */ = {isa = PBXBuildFile; fileRef = 9DAD67EA245D4A0400A52F7B /* LaunchScreen.storyboard */; };
		9DAD67F7245D4A0400A52F7B /* TheNewsTests.swift in Sources */ = {isa = PBXBuildFile; fileRef = 9DAD67F6245D4A0400A52F7B /* TheNewsTests.swift */; };
		9DAD6803245D4A8C00A52F7B /* Dashboard.storyboard in Resources */ = {isa = PBXBuildFile; fileRef = 9DAD6802245D4A8C00A52F7B /* Dashboard.storyboard */; };
		9DAD6805245D4F8F00A52F7B /* Discover.storyboard in Resources */ = {isa = PBXBuildFile; fileRef = 9DAD6804245D4F8F00A52F7B /* Discover.storyboard */; };
		9DAD6807245D4F9E00A52F7B /* Search.storyboard in Resources */ = {isa = PBXBuildFile; fileRef = 9DAD6806245D4F9E00A52F7B /* Search.storyboard */; };
		9DAD6809245D4FC900A52F7B /* More.storyboard in Resources */ = {isa = PBXBuildFile; fileRef = 9DAD6808245D4FC900A52F7B /* More.storyboard */; };
		9DAD680B245D507100A52F7B /* HeadLines.storyboard in Resources */ = {isa = PBXBuildFile; fileRef = 9DAD680A245D507100A52F7B /* HeadLines.storyboard */; };
/* End PBXBuildFile section */

/* Begin PBXContainerItemProxy section */
		9DAD67F3245D4A0400A52F7B /* PBXContainerItemProxy */ = {
			isa = PBXContainerItemProxy;
			containerPortal = 9DAD67D4245D4A0300A52F7B /* Project object */;
			proxyType = 1;
			remoteGlobalIDString = 9DAD67DB245D4A0300A52F7B;
			remoteInfo = TheNews;
		};
/* End PBXContainerItemProxy section */

/* Begin PBXFileReference section */
		56725829026898EAA885BC41 /* Pods_TheNews.framework */ = {isa = PBXFileReference; explicitFileType = wrapper.framework; includeInIndex = 0; path = Pods_TheNews.framework; sourceTree = BUILT_PRODUCTS_DIR; };
		5C5CFEFFAA3A911A9ACDEE57 /* Pods-TheNews.debug.xcconfig */ = {isa = PBXFileReference; includeInIndex = 1; lastKnownFileType = text.xcconfig; name = "Pods-TheNews.debug.xcconfig"; path = "Target Support Files/Pods-TheNews/Pods-TheNews.debug.xcconfig"; sourceTree = "<group>"; };
		7DD38A4456487CFF6E89A97A /* Pods-TheNewsTests.release.xcconfig */ = {isa = PBXFileReference; includeInIndex = 1; lastKnownFileType = text.xcconfig; name = "Pods-TheNewsTests.release.xcconfig"; path = "Target Support Files/Pods-TheNewsTests/Pods-TheNewsTests.release.xcconfig"; sourceTree = "<group>"; };
		9D021434245E5DFD006CAF6D /* BaseViewController.swift */ = {isa = PBXFileReference; lastKnownFileType = sourcecode.swift; path = BaseViewController.swift; sourceTree = "<group>"; };
		9D02143A245E6CEF006CAF6D /* LoginViewController.swift */ = {isa = PBXFileReference; lastKnownFileType = sourcecode.swift; path = LoginViewController.swift; sourceTree = "<group>"; };
		9D6F4F7C245D55F700C73649 /* MoreViewController.swift */ = {isa = PBXFileReference; lastKnownFileType = sourcecode.swift; path = MoreViewController.swift; sourceTree = "<group>"; };
		9D6F4F7E245D560900C73649 /* HeadLinesViewController.swift */ = {isa = PBXFileReference; lastKnownFileType = sourcecode.swift; path = HeadLinesViewController.swift; sourceTree = "<group>"; };
		9D6F4F80245D561900C73649 /* SearchViewController.swift */ = {isa = PBXFileReference; lastKnownFileType = sourcecode.swift; path = SearchViewController.swift; sourceTree = "<group>"; };
		9D6F4F82245D562400C73649 /* DiscoverViewController.swift */ = {isa = PBXFileReference; lastKnownFileType = sourcecode.swift; path = DiscoverViewController.swift; sourceTree = "<group>"; };
		9D6F4F85245D58D700C73649 /* DashBoardTabController.swift */ = {isa = PBXFileReference; lastKnownFileType = sourcecode.swift; path = DashBoardTabController.swift; sourceTree = "<group>"; };
		9D6F4F8D245D5E1400C73649 /* Extension.swift */ = {isa = PBXFileReference; lastKnownFileType = sourcecode.swift; path = Extension.swift; sourceTree = "<group>"; };
		9D6F4F90245D5E5500C73649 /* NetworkManager.swift */ = {isa = PBXFileReference; fileEncoding = 4; lastKnownFileType = sourcecode.swift; path = NetworkManager.swift; sourceTree = "<group>"; };
		9D6F4F93245D67AA00C73649 /* StoryBoardManager.swift */ = {isa = PBXFileReference; fileEncoding = 4; lastKnownFileType = sourcecode.swift; path = StoryBoardManager.swift; sourceTree = "<group>"; };
		9D6F4F95245D73A000C73649 /* DiscoverModel.swift */ = {isa = PBXFileReference; lastKnownFileType = sourcecode.swift; path = DiscoverModel.swift; sourceTree = "<group>"; };
		9D6F4F9B245D7A7600C73649 /* ArticlesTableViewCell.swift */ = {isa = PBXFileReference; lastKnownFileType = sourcecode.swift; path = ArticlesTableViewCell.swift; sourceTree = "<group>"; };
		9D6F4F9C245D7A7600C73649 /* ArticlesTableViewCell.xib */ = {isa = PBXFileReference; lastKnownFileType = file.xib; path = ArticlesTableViewCell.xib; sourceTree = "<group>"; };
		9D6F4F9F245D884C00C73649 /* DiscoverViewModel.swift */ = {isa = PBXFileReference; lastKnownFileType = sourcecode.swift; path = DiscoverViewModel.swift; sourceTree = "<group>"; };
		9D6F4FA1245D8C0100C73649 /* DiscoverService.swift */ = {isa = PBXFileReference; lastKnownFileType = sourcecode.swift; path = DiscoverService.swift; sourceTree = "<group>"; };
		9D6F4FA6245D8DA600C73649 /* UserViewModel.swift */ = {isa = PBXFileReference; lastKnownFileType = sourcecode.swift; path = UserViewModel.swift; sourceTree = "<group>"; };
		9D6F4FA7245D8DA600C73649 /* Global.swift */ = {isa = PBXFileReference; lastKnownFileType = sourcecode.swift; path = Global.swift; sourceTree = "<group>"; };
		9D6F4FA8245D8DA600C73649 /* UserModel.swift */ = {isa = PBXFileReference; lastKnownFileType = sourcecode.swift; path = UserModel.swift; sourceTree = "<group>"; };
		9DAD67DC245D4A0300A52F7B /* The News.app */ = {isa = PBXFileReference; explicitFileType = wrapper.application; includeInIndex = 0; path = "The News.app"; sourceTree = BUILT_PRODUCTS_DIR; };
		9DAD67DF245D4A0300A52F7B /* AppDelegate.swift */ = {isa = PBXFileReference; lastKnownFileType = sourcecode.swift; path = AppDelegate.swift; sourceTree = "<group>"; };
		9DAD67E6245D4A0300A52F7B /* Base */ = {isa = PBXFileReference; lastKnownFileType = file.storyboard; name = Base; path = Base.lproj/Main.storyboard; sourceTree = "<group>"; };
		9DAD67E8245D4A0400A52F7B /* Assets.xcassets */ = {isa = PBXFileReference; lastKnownFileType = folder.assetcatalog; path = Assets.xcassets; sourceTree = "<group>"; };
		9DAD67EB245D4A0400A52F7B /* Base */ = {isa = PBXFileReference; lastKnownFileType = file.storyboard; name = Base; path = Base.lproj/LaunchScreen.storyboard; sourceTree = "<group>"; };
		9DAD67ED245D4A0400A52F7B /* Info.plist */ = {isa = PBXFileReference; lastKnownFileType = text.plist.xml; path = Info.plist; sourceTree = "<group>"; };
		9DAD67F2245D4A0400A52F7B /* TheNewsTests.xctest */ = {isa = PBXFileReference; explicitFileType = wrapper.cfbundle; includeInIndex = 0; path = TheNewsTests.xctest; sourceTree = BUILT_PRODUCTS_DIR; };
		9DAD67F6245D4A0400A52F7B /* TheNewsTests.swift */ = {isa = PBXFileReference; lastKnownFileType = sourcecode.swift; path = TheNewsTests.swift; sourceTree = "<group>"; };
		9DAD67F8245D4A0400A52F7B /* Info.plist */ = {isa = PBXFileReference; lastKnownFileType = text.plist.xml; path = Info.plist; sourceTree = "<group>"; };
		9DAD6802245D4A8C00A52F7B /* Dashboard.storyboard */ = {isa = PBXFileReference; lastKnownFileType = file.storyboard; path = Dashboard.storyboard; sourceTree = "<group>"; };
		9DAD6804245D4F8F00A52F7B /* Discover.storyboard */ = {isa = PBXFileReference; lastKnownFileType = file.storyboard; path = Discover.storyboard; sourceTree = "<group>"; };
		9DAD6806245D4F9E00A52F7B /* Search.storyboard */ = {isa = PBXFileReference; lastKnownFileType = file.storyboard; path = Search.storyboard; sourceTree = "<group>"; };
		9DAD6808245D4FC900A52F7B /* More.storyboard */ = {isa = PBXFileReference; lastKnownFileType = file.storyboard; path = More.storyboard; sourceTree = "<group>"; };
		9DAD680A245D507100A52F7B /* HeadLines.storyboard */ = {isa = PBXFileReference; lastKnownFileType = file.storyboard; path = HeadLines.storyboard; sourceTree = "<group>"; };
		B42A4DC7025B862B83FAACE4 /* Pods_TheNewsTests.framework */ = {isa = PBXFileReference; explicitFileType = wrapper.framework; includeInIndex = 0; path = Pods_TheNewsTests.framework; sourceTree = BUILT_PRODUCTS_DIR; };
		C546197959DB674B1A7EF0CE /* Pods-TheNews.release.xcconfig */ = {isa = PBXFileReference; includeInIndex = 1; lastKnownFileType = text.xcconfig; name = "Pods-TheNews.release.xcconfig"; path = "Target Support Files/Pods-TheNews/Pods-TheNews.release.xcconfig"; sourceTree = "<group>"; };
		F15DB42510B9E2D8B19222A8 /* Pods-TheNewsTests.debug.xcconfig */ = {isa = PBXFileReference; includeInIndex = 1; lastKnownFileType = text.xcconfig; name = "Pods-TheNewsTests.debug.xcconfig"; path = "Target Support Files/Pods-TheNewsTests/Pods-TheNewsTests.debug.xcconfig"; sourceTree = "<group>"; };
/* End PBXFileReference section */

/* Begin PBXFrameworksBuildPhase section */
		9DAD67D9245D4A0300A52F7B /* Frameworks */ = {
			isa = PBXFrameworksBuildPhase;
			buildActionMask = 2147483647;
			files = (
				95209371017FDE2BE4953AF5 /* Pods_TheNews.framework in Frameworks */,
			);
			runOnlyForDeploymentPostprocessing = 0;
		};
		9DAD67EF245D4A0400A52F7B /* Frameworks */ = {
			isa = PBXFrameworksBuildPhase;
			buildActionMask = 2147483647;
			files = (
				4336A84CC27AE2FDC9CA8567 /* Pods_TheNewsTests.framework in Frameworks */,
			);
			runOnlyForDeploymentPostprocessing = 0;
		};
/* End PBXFrameworksBuildPhase section */

/* Begin PBXGroup section */
		3C805ED699EF944C926CDC09 /* Pods */ = {
			isa = PBXGroup;
			children = (
				5C5CFEFFAA3A911A9ACDEE57 /* Pods-TheNews.debug.xcconfig */,
				C546197959DB674B1A7EF0CE /* Pods-TheNews.release.xcconfig */,
				F15DB42510B9E2D8B19222A8 /* Pods-TheNewsTests.debug.xcconfig */,
				7DD38A4456487CFF6E89A97A /* Pods-TheNewsTests.release.xcconfig */,
			);
			path = Pods;
			sourceTree = "<group>";
		};
		8A1DB5712034BEFB2FC49A2A /* Frameworks */ = {
			isa = PBXGroup;
			children = (
				56725829026898EAA885BC41 /* Pods_TheNews.framework */,
				B42A4DC7025B862B83FAACE4 /* Pods_TheNewsTests.framework */,
			);
			name = Frameworks;
			sourceTree = "<group>";
		};
		9D021433245E5DE5006CAF6D /* BaseController */ = {
			isa = PBXGroup;
			children = (
				9D021434245E5DFD006CAF6D /* BaseViewController.swift */,
			);
			path = BaseController;
			sourceTree = "<group>";
		};
		9D6F4F6D245D550E00C73649 /* Search */ = {
			isa = PBXGroup;
			children = (
				9D6F4F6E245D551F00C73649 /* Model */,
				9D6F4F6F245D551F00C73649 /* View */,
				9D6F4F71245D551F00C73649 /* ViewModel */,
				9D6F4F70245D551F00C73649 /* Controller */,
			);
			path = Search;
			sourceTree = "<group>";
		};
		9D6F4F6E245D551F00C73649 /* Model */ = {
			isa = PBXGroup;
			children = (
			);
			path = Model;
			sourceTree = "<group>";
		};
		9D6F4F6F245D551F00C73649 /* View */ = {
			isa = PBXGroup;
			children = (
			);
			path = View;
			sourceTree = "<group>";
		};
		9D6F4F70245D551F00C73649 /* Controller */ = {
			isa = PBXGroup;
			children = (
				9D6F4F80245D561900C73649 /* SearchViewController.swift */,
			);
			path = Controller;
			sourceTree = "<group>";
		};
		9D6F4F71245D551F00C73649 /* ViewModel */ = {
			isa = PBXGroup;
			children = (
			);
			path = ViewModel;
			sourceTree = "<group>";
		};
		9D6F4F72245D552500C73649 /* HeadLines */ = {
			isa = PBXGroup;
			children = (
				9D6F4F77245D554800C73649 /* Model */,
				9D6F4F76245D554800C73649 /* View */,
				9D6F4F75245D554800C73649 /* ViewModel */,
				9D6F4F74245D554800C73649 /* Controller */,
			);
			path = HeadLines;
			sourceTree = "<group>";
		};
		9D6F4F73245D553200C73649 /* More */ = {
			isa = PBXGroup;
			children = (
				9D6F4F79245D554C00C73649 /* Model */,
				9D6F4F78245D554C00C73649 /* View */,
				9D6F4F7A245D554C00C73649 /* ViewModel */,
				9D6F4F7B245D554C00C73649 /* Controller */,
			);
			path = More;
			sourceTree = "<group>";
		};
		9D6F4F74245D554800C73649 /* Controller */ = {
			isa = PBXGroup;
			children = (
				9D6F4F7E245D560900C73649 /* HeadLinesViewController.swift */,
			);
			path = Controller;
			sourceTree = "<group>";
		};
		9D6F4F75245D554800C73649 /* ViewModel */ = {
			isa = PBXGroup;
			children = (
			);
			path = ViewModel;
			sourceTree = "<group>";
		};
		9D6F4F76245D554800C73649 /* View */ = {
			isa = PBXGroup;
			children = (
			);
			path = View;
			sourceTree = "<group>";
		};
		9D6F4F77245D554800C73649 /* Model */ = {
			isa = PBXGroup;
			children = (
			);
			path = Model;
			sourceTree = "<group>";
		};
		9D6F4F78245D554C00C73649 /* View */ = {
			isa = PBXGroup;
			children = (
			);
			path = View;
			sourceTree = "<group>";
		};
		9D6F4F79245D554C00C73649 /* Model */ = {
			isa = PBXGroup;
			children = (
			);
			path = Model;
			sourceTree = "<group>";
		};
		9D6F4F7A245D554C00C73649 /* ViewModel */ = {
			isa = PBXGroup;
			children = (
			);
			path = ViewModel;
			sourceTree = "<group>";
		};
		9D6F4F7B245D554C00C73649 /* Controller */ = {
			isa = PBXGroup;
			children = (
				9D6F4F7C245D55F700C73649 /* MoreViewController.swift */,
			);
			path = Controller;
			sourceTree = "<group>";
		};
		9D6F4F84245D58A700C73649 /* DashBoard */ = {
			isa = PBXGroup;
			children = (
				9D6F4F85245D58D700C73649 /* DashBoardTabController.swift */,
			);
			path = DashBoard;
			sourceTree = "<group>";
		};
		9D6F4F87245D5D5500C73649 /* Login */ = {
			isa = PBXGroup;
			children = (
				9D6F4F89245D5D6A00C73649 /* Model */,
				9D6F4F88245D5D6A00C73649 /* View */,
				9D6F4F8A245D5D6A00C73649 /* ViewModel */,
				9D6F4F8B245D5D6E00C73649 /* Controller */,
			);
			path = Login;
			sourceTree = "<group>";
		};
		9D6F4F88245D5D6A00C73649 /* View */ = {
			isa = PBXGroup;
			children = (
			);
			path = View;
			sourceTree = "<group>";
		};
		9D6F4F89245D5D6A00C73649 /* Model */ = {
			isa = PBXGroup;
			children = (
			);
			path = Model;
			sourceTree = "<group>";
		};
		9D6F4F8A245D5D6A00C73649 /* ViewModel */ = {
			isa = PBXGroup;
			children = (
			);
			path = ViewModel;
			sourceTree = "<group>";
		};
		9D6F4F8B245D5D6E00C73649 /* Controller */ = {
			isa = PBXGroup;
			children = (
				9D02143A245E6CEF006CAF6D /* LoginViewController.swift */,
			);
			path = Controller;
			sourceTree = "<group>";
		};
		9D6F4F8C245D5DF200C73649 /* Extension */ = {
			isa = PBXGroup;
			children = (
				9D6F4F8D245D5E1400C73649 /* Extension.swift */,
			);
			path = Extension;
			sourceTree = "<group>";
		};
		9D6F4F8F245D5E4600C73649 /* NetworkManager */ = {
			isa = PBXGroup;
			children = (
				9D6F4F90245D5E5500C73649 /* NetworkManager.swift */,
			);
			path = NetworkManager;
			sourceTree = "<group>";
		};
		9D6F4F92245D678B00C73649 /* StoryboardManager */ = {
			isa = PBXGroup;
			children = (
				9D6F4F93245D67AA00C73649 /* StoryBoardManager.swift */,
			);
			path = StoryboardManager;
			sourceTree = "<group>";
		};
		9D6F4FA5245D8DA600C73649 /* Global */ = {
			isa = PBXGroup;
			children = (
				9D6F4FA6245D8DA600C73649 /* UserViewModel.swift */,
				9D6F4FA7245D8DA600C73649 /* Global.swift */,
				9D6F4FA8245D8DA600C73649 /* UserModel.swift */,
			);
			path = Global;
			sourceTree = "<group>";
		};
		9DAD67D3245D4A0300A52F7B = {
			isa = PBXGroup;
			children = (
				9DAD67DE245D4A0300A52F7B /* TheNews */,
				9DAD67F5245D4A0400A52F7B /* TheNewsTests */,
				9DAD67DD245D4A0300A52F7B /* Products */,
				3C805ED699EF944C926CDC09 /* Pods */,
				8A1DB5712034BEFB2FC49A2A /* Frameworks */,
			);
			sourceTree = "<group>";
		};
		9DAD67DD245D4A0300A52F7B /* Products */ = {
			isa = PBXGroup;
			children = (
				9DAD67DC245D4A0300A52F7B /* The News.app */,
				9DAD67F2245D4A0400A52F7B /* TheNewsTests.xctest */,
			);
			name = Products;
			sourceTree = "<group>";
		};
		9DAD67DE245D4A0300A52F7B /* TheNews */ = {
			isa = PBXGroup;
			children = (
				9D021433245E5DE5006CAF6D /* BaseController */,
				9D6F4FA5245D8DA600C73649 /* Global */,
				9D6F4F92245D678B00C73649 /* StoryboardManager */,
				9D6F4F8F245D5E4600C73649 /* NetworkManager */,
				9D6F4F8C245D5DF200C73649 /* Extension */,
				9D6F4F87245D5D5500C73649 /* Login */,
				9D6F4F84245D58A700C73649 /* DashBoard */,
				9D6F4F73245D553200C73649 /* More */,
				9D6F4F72245D552500C73649 /* HeadLines */,
				9D6F4F6D245D550E00C73649 /* Search */,
				9DAD680C245D538B00A52F7B /* Discover */,
				9DAD6801245D4A6300A52F7B /* Storyboard */,
				9DAD67DF245D4A0300A52F7B /* AppDelegate.swift */,
				9DAD67E8245D4A0400A52F7B /* Assets.xcassets */,
				9DAD67EA245D4A0400A52F7B /* LaunchScreen.storyboard */,
				9DAD67ED245D4A0400A52F7B /* Info.plist */,
			);
			path = TheNews;
			sourceTree = "<group>";
		};
		9DAD67F5245D4A0400A52F7B /* TheNewsTests */ = {
			isa = PBXGroup;
			children = (
				9DAD67F6245D4A0400A52F7B /* TheNewsTests.swift */,
				9DAD67F8245D4A0400A52F7B /* Info.plist */,
			);
			path = TheNewsTests;
			sourceTree = "<group>";
		};
		9DAD6801245D4A6300A52F7B /* Storyboard */ = {
			isa = PBXGroup;
			children = (
				9DAD67E5245D4A0300A52F7B /* Main.storyboard */,
				9DAD6802245D4A8C00A52F7B /* Dashboard.storyboard */,
				9DAD6804245D4F8F00A52F7B /* Discover.storyboard */,
				9DAD6806245D4F9E00A52F7B /* Search.storyboard */,
				9DAD6808245D4FC900A52F7B /* More.storyboard */,
				9DAD680A245D507100A52F7B /* HeadLines.storyboard */,
			);
			path = Storyboard;
			sourceTree = "<group>";
		};
		9DAD680C245D538B00A52F7B /* Discover */ = {
			isa = PBXGroup;
			children = (
				9DAD6810245D54C600A52F7B /* Model */,
				9DAD680F245D54BB00A52F7B /* View */,
				9DAD680E245D54AE00A52F7B /* ViewModel */,
				9DAD680D245D549C00A52F7B /* Controller */,
			);
			path = Discover;
			sourceTree = "<group>";
		};
		9DAD680D245D549C00A52F7B /* Controller */ = {
			isa = PBXGroup;
			children = (
				9D6F4F82245D562400C73649 /* DiscoverViewController.swift */,
				9D6F4FA1245D8C0100C73649 /* DiscoverService.swift */,
			);
			path = Controller;
			sourceTree = "<group>";
		};
		9DAD680E245D54AE00A52F7B /* ViewModel */ = {
			isa = PBXGroup;
			children = (
				9D6F4F9F245D884C00C73649 /* DiscoverViewModel.swift */,
			);
			path = ViewModel;
			sourceTree = "<group>";
		};
		9DAD680F245D54BB00A52F7B /* View */ = {
			isa = PBXGroup;
			children = (
				9D6F4F9B245D7A7600C73649 /* ArticlesTableViewCell.swift */,
				9D6F4F9C245D7A7600C73649 /* ArticlesTableViewCell.xib */,
			);
			path = View;
			sourceTree = "<group>";
		};
		9DAD6810245D54C600A52F7B /* Model */ = {
			isa = PBXGroup;
			children = (
				9D6F4F95245D73A000C73649 /* DiscoverModel.swift */,
			);
			path = Model;
			sourceTree = "<group>";
		};
/* End PBXGroup section */

/* Begin PBXNativeTarget section */
		9DAD67DB245D4A0300A52F7B /* TheNews */ = {
			isa = PBXNativeTarget;
			buildConfigurationList = 9DAD67FB245D4A0400A52F7B /* Build configuration list for PBXNativeTarget "TheNews" */;
			buildPhases = (
				7AA75A261589BC0B5E36D702 /* [CP] Check Pods Manifest.lock */,
				9DAD67D8245D4A0300A52F7B /* Sources */,
				9DAD67D9245D4A0300A52F7B /* Frameworks */,
				9DAD67DA245D4A0300A52F7B /* Resources */,
				9831D6409315E69652AA3BFC /* [CP] Embed Pods Frameworks */,
				0BB8B8F5623CB2356701AEB7 /* [CP] Copy Pods Resources */,
			);
			buildRules = (
			);
			dependencies = (
			);
			name = TheNews;
			productName = TheNews;
			productReference = 9DAD67DC245D4A0300A52F7B /* The News.app */;
			productType = "com.apple.product-type.application";
		};
		9DAD67F1245D4A0400A52F7B /* TheNewsTests */ = {
			isa = PBXNativeTarget;
			buildConfigurationList = 9DAD67FE245D4A0400A52F7B /* Build configuration list for PBXNativeTarget "TheNewsTests" */;
			buildPhases = (
				417DAAC53CBDEF5BF0AE698E /* [CP] Check Pods Manifest.lock */,
				9DAD67EE245D4A0400A52F7B /* Sources */,
				9DAD67EF245D4A0400A52F7B /* Frameworks */,
				9DAD67F0245D4A0400A52F7B /* Resources */,
			);
			buildRules = (
			);
			dependencies = (
				9DAD67F4245D4A0400A52F7B /* PBXTargetDependency */,
			);
			name = TheNewsTests;
			productName = TheNewsTests;
			productReference = 9DAD67F2245D4A0400A52F7B /* TheNewsTests.xctest */;
			productType = "com.apple.product-type.bundle.unit-test";
		};
/* End PBXNativeTarget section */

/* Begin PBXProject section */
		9DAD67D4245D4A0300A52F7B /* Project object */ = {
			isa = PBXProject;
			attributes = {
				LastSwiftUpdateCheck = 1140;
				LastUpgradeCheck = 1140;
				ORGANIZATIONNAME = developer.dipak;
				TargetAttributes = {
					9DAD67DB245D4A0300A52F7B = {
						CreatedOnToolsVersion = 11.4.1;
					};
					9DAD67F1245D4A0400A52F7B = {
						CreatedOnToolsVersion = 11.4.1;
						TestTargetID = 9DAD67DB245D4A0300A52F7B;
					};
				};
			};
			buildConfigurationList = 9DAD67D7245D4A0300A52F7B /* Build configuration list for PBXProject "TheNews" */;
			compatibilityVersion = "Xcode 9.3";
			developmentRegion = en;
			hasScannedForEncodings = 0;
			knownRegions = (
				en,
				Base,
			);
			mainGroup = 9DAD67D3245D4A0300A52F7B;
			productRefGroup = 9DAD67DD245D4A0300A52F7B /* Products */;
			projectDirPath = "";
			projectRoot = "";
			targets = (
				9DAD67DB245D4A0300A52F7B /* TheNews */,
				9DAD67F1245D4A0400A52F7B /* TheNewsTests */,
			);
		};
/* End PBXProject section */

/* Begin PBXResourcesBuildPhase section */
		9DAD67DA245D4A0300A52F7B /* Resources */ = {
			isa = PBXResourcesBuildPhase;
			buildActionMask = 2147483647;
			files = (
				9DAD680B245D507100A52F7B /* HeadLines.storyboard in Resources */,
				9DAD67EC245D4A0400A52F7B /* LaunchScreen.storyboard in Resources */,
				9DAD67E9245D4A0400A52F7B /* Assets.xcassets in Resources */,
				9DAD6809245D4FC900A52F7B /* More.storyboard in Resources */,
				9DAD6805245D4F8F00A52F7B /* Discover.storyboard in Resources */,
				9DAD67E7245D4A0300A52F7B /* Main.storyboard in Resources */,
				9DAD6807245D4F9E00A52F7B /* Search.storyboard in Resources */,
				9D6F4F9E245D7A7600C73649 /* ArticlesTableViewCell.xib in Resources */,
				9DAD6803245D4A8C00A52F7B /* Dashboard.storyboard in Resources */,
			);
			runOnlyForDeploymentPostprocessing = 0;
		};
		9DAD67F0245D4A0400A52F7B /* Resources */ = {
			isa = PBXResourcesBuildPhase;
			buildActionMask = 2147483647;
			files = (
			);
			runOnlyForDeploymentPostprocessing = 0;
		};
/* End PBXResourcesBuildPhase section */

/* Begin PBXShellScriptBuildPhase section */
		0BB8B8F5623CB2356701AEB7 /* [CP] Copy Pods Resources */ = {
			isa = PBXShellScriptBuildPhase;
			buildActionMask = 2147483647;
			files = (
			);
			inputFileListPaths = (
				"${PODS_ROOT}/Target Support Files/Pods-TheNews/Pods-TheNews-resources-${CONFIGURATION}-input-files.xcfilelist",
			);
			name = "[CP] Copy Pods Resources";
			outputFileListPaths = (
				"${PODS_ROOT}/Target Support Files/Pods-TheNews/Pods-TheNews-resources-${CONFIGURATION}-output-files.xcfilelist",
			);
			runOnlyForDeploymentPostprocessing = 0;
			shellPath = /bin/sh;
			shellScript = "\"${PODS_ROOT}/Target Support Files/Pods-TheNews/Pods-TheNews-resources.sh\"\n";
			showEnvVarsInLog = 0;
		};
		417DAAC53CBDEF5BF0AE698E /* [CP] Check Pods Manifest.lock */ = {
			isa = PBXShellScriptBuildPhase;
			buildActionMask = 2147483647;
			files = (
			);
			inputFileListPaths = (
			);
			inputPaths = (
				"${PODS_PODFILE_DIR_PATH}/Podfile.lock",
				"${PODS_ROOT}/Manifest.lock",
			);
			name = "[CP] Check Pods Manifest.lock";
			outputFileListPaths = (
			);
			outputPaths = (
				"$(DERIVED_FILE_DIR)/Pods-TheNewsTests-checkManifestLockResult.txt",
			);
			runOnlyForDeploymentPostprocessing = 0;
			shellPath = /bin/sh;
			shellScript = "diff \"${PODS_PODFILE_DIR_PATH}/Podfile.lock\" \"${PODS_ROOT}/Manifest.lock\" > /dev/null\nif [ $? != 0 ] ; then\n    # print error to STDERR\n    echo \"error: The sandbox is not in sync with the Podfile.lock. Run 'pod install' or update your CocoaPods installation.\" >&2\n    exit 1\nfi\n# This output is used by Xcode 'outputs' to avoid re-running this script phase.\necho \"SUCCESS\" > \"${SCRIPT_OUTPUT_FILE_0}\"\n";
			showEnvVarsInLog = 0;
		};
		7AA75A261589BC0B5E36D702 /* [CP] Check Pods Manifest.lock */ = {
			isa = PBXShellScriptBuildPhase;
			buildActionMask = 2147483647;
			files = (
			);
			inputFileListPaths = (
			);
			inputPaths = (
				"${PODS_PODFILE_DIR_PATH}/Podfile.lock",
				"${PODS_ROOT}/Manifest.lock",
			);
			name = "[CP] Check Pods Manifest.lock";
			outputFileListPaths = (
			);
			outputPaths = (
				"$(DERIVED_FILE_DIR)/Pods-TheNews-checkManifestLockResult.txt",
			);
			runOnlyForDeploymentPostprocessing = 0;
			shellPath = /bin/sh;
			shellScript = "diff \"${PODS_PODFILE_DIR_PATH}/Podfile.lock\" \"${PODS_ROOT}/Manifest.lock\" > /dev/null\nif [ $? != 0 ] ; then\n    # print error to STDERR\n    echo \"error: The sandbox is not in sync with the Podfile.lock. Run 'pod install' or update your CocoaPods installation.\" >&2\n    exit 1\nfi\n# This output is used by Xcode 'outputs' to avoid re-running this script phase.\necho \"SUCCESS\" > \"${SCRIPT_OUTPUT_FILE_0}\"\n";
			showEnvVarsInLog = 0;
		};
		9831D6409315E69652AA3BFC /* [CP] Embed Pods Frameworks */ = {
			isa = PBXShellScriptBuildPhase;
			buildActionMask = 2147483647;
			files = (
			);
			inputFileListPaths = (
				"${PODS_ROOT}/Target Support Files/Pods-TheNews/Pods-TheNews-frameworks-${CONFIGURATION}-input-files.xcfilelist",
			);
			name = "[CP] Embed Pods Frameworks";
			outputFileListPaths = (
				"${PODS_ROOT}/Target Support Files/Pods-TheNews/Pods-TheNews-frameworks-${CONFIGURATION}-output-files.xcfilelist",
			);
			runOnlyForDeploymentPostprocessing = 0;
			shellPath = /bin/sh;
			shellScript = "\"${PODS_ROOT}/Target Support Files/Pods-TheNews/Pods-TheNews-frameworks.sh\"\n";
			showEnvVarsInLog = 0;
		};
/* End PBXShellScriptBuildPhase section */

/* Begin PBXSourcesBuildPhase section */
		9DAD67D8245D4A0300A52F7B /* Sources */ = {
			isa = PBXSourcesBuildPhase;
			buildActionMask = 2147483647;
			files = (
				9D6F4F8E245D5E1400C73649 /* Extension.swift in Sources */,
				9D6F4F81245D561900C73649 /* SearchViewController.swift in Sources */,
				9D6F4F91245D5E5500C73649 /* NetworkManager.swift in Sources */,
				9D6F4F7F245D560900C73649 /* HeadLinesViewController.swift in Sources */,
				9D02143B245E6CEF006CAF6D /* LoginViewController.swift in Sources */,
				9D6F4F9D245D7A7600C73649 /* ArticlesTableViewCell.swift in Sources */,
				9D021435245E5DFD006CAF6D /* BaseViewController.swift in Sources */,
				9D6F4F86245D58D700C73649 /* DashBoardTabController.swift in Sources */,
				9D6F4F7D245D55F700C73649 /* MoreViewController.swift in Sources */,
				9D6F4F83245D562400C73649 /* DiscoverViewController.swift in Sources */,
				9D021432245E54E0006CAF6D /* UserModel.swift in Sources */,
				9D021431245E54DD006CAF6D /* Global.swift in Sources */,
				9D6F4F94245D67AA00C73649 /* StoryBoardManager.swift in Sources */,
				9D6F4F96245D73A000C73649 /* DiscoverModel.swift in Sources */,
				9DAD67E0245D4A0300A52F7B /* AppDelegate.swift in Sources */,
				9D6F4FA2245D8C0100C73649 /* DiscoverService.swift in Sources */,
				9D021430245E54CD006CAF6D /* UserViewModel.swift in Sources */,
				9D6F4FA0245D884C00C73649 /* DiscoverViewModel.swift in Sources */,
			);
			runOnlyForDeploymentPostprocessing = 0;
		};
		9DAD67EE245D4A0400A52F7B /* Sources */ = {
			isa = PBXSourcesBuildPhase;
			buildActionMask = 2147483647;
			files = (
				9DAD67F7245D4A0400A52F7B /* TheNewsTests.swift in Sources */,
			);
			runOnlyForDeploymentPostprocessing = 0;
		};
/* End PBXSourcesBuildPhase section */

/* Begin PBXTargetDependency section */
		9DAD67F4245D4A0400A52F7B /* PBXTargetDependency */ = {
			isa = PBXTargetDependency;
			target = 9DAD67DB245D4A0300A52F7B /* TheNews */;
			targetProxy = 9DAD67F3245D4A0400A52F7B /* PBXContainerItemProxy */;
		};
/* End PBXTargetDependency section */

/* Begin PBXVariantGroup section */
		9DAD67E5245D4A0300A52F7B /* Main.storyboard */ = {
			isa = PBXVariantGroup;
			children = (
				9DAD67E6245D4A0300A52F7B /* Base */,
			);
			name = Main.storyboard;
			sourceTree = "<group>";
		};
		9DAD67EA245D4A0400A52F7B /* LaunchScreen.storyboard */ = {
			isa = PBXVariantGroup;
			children = (
				9DAD67EB245D4A0400A52F7B /* Base */,
			);
			name = LaunchScreen.storyboard;
			sourceTree = "<group>";
		};
/* End PBXVariantGroup section */

/* Begin XCBuildConfiguration section */
		9DAD67F9245D4A0400A52F7B /* Debug */ = {
			isa = XCBuildConfiguration;
			buildSettings = {
				ALWAYS_SEARCH_USER_PATHS = NO;
				CLANG_ANALYZER_NONNULL = YES;
				CLANG_ANALYZER_NUMBER_OBJECT_CONVERSION = YES_AGGRESSIVE;
				CLANG_CXX_LANGUAGE_STANDARD = "gnu++14";
				CLANG_CXX_LIBRARY = "libc++";
				CLANG_ENABLE_MODULES = YES;
				CLANG_ENABLE_OBJC_ARC = YES;
				CLANG_ENABLE_OBJC_WEAK = YES;
				CLANG_WARN_BLOCK_CAPTURE_AUTORELEASING = YES;
				CLANG_WARN_BOOL_CONVERSION = YES;
				CLANG_WARN_COMMA = YES;
				CLANG_WARN_CONSTANT_CONVERSION = YES;
				CLANG_WARN_DEPRECATED_OBJC_IMPLEMENTATIONS = YES;
				CLANG_WARN_DIRECT_OBJC_ISA_USAGE = YES_ERROR;
				CLANG_WARN_DOCUMENTATION_COMMENTS = YES;
				CLANG_WARN_EMPTY_BODY = YES;
				CLANG_WARN_ENUM_CONVERSION = YES;
				CLANG_WARN_INFINITE_RECURSION = YES;
				CLANG_WARN_INT_CONVERSION = YES;
				CLANG_WARN_NON_LITERAL_NULL_CONVERSION = YES;
				CLANG_WARN_OBJC_IMPLICIT_RETAIN_SELF = YES;
				CLANG_WARN_OBJC_LITERAL_CONVERSION = YES;
				CLANG_WARN_OBJC_ROOT_CLASS = YES_ERROR;
				CLANG_WARN_RANGE_LOOP_ANALYSIS = YES;
				CLANG_WARN_STRICT_PROTOTYPES = YES;
				CLANG_WARN_SUSPICIOUS_MOVE = YES;
				CLANG_WARN_UNGUARDED_AVAILABILITY = YES_AGGRESSIVE;
				CLANG_WARN_UNREACHABLE_CODE = YES;
				CLANG_WARN__DUPLICATE_METHOD_MATCH = YES;
				COPY_PHASE_STRIP = NO;
				DEBUG_INFORMATION_FORMAT = dwarf;
				ENABLE_STRICT_OBJC_MSGSEND = YES;
				ENABLE_TESTABILITY = YES;
				GCC_C_LANGUAGE_STANDARD = gnu11;
				GCC_DYNAMIC_NO_PIC = NO;
				GCC_NO_COMMON_BLOCKS = YES;
				GCC_OPTIMIZATION_LEVEL = 0;
				GCC_PREPROCESSOR_DEFINITIONS = (
					"DEBUG=1",
					"$(inherited)",
				);
				GCC_WARN_64_TO_32_BIT_CONVERSION = YES;
				GCC_WARN_ABOUT_RETURN_TYPE = YES_ERROR;
				GCC_WARN_UNDECLARED_SELECTOR = YES;
				GCC_WARN_UNINITIALIZED_AUTOS = YES_AGGRESSIVE;
				GCC_WARN_UNUSED_FUNCTION = YES;
				GCC_WARN_UNUSED_VARIABLE = YES;
				IPHONEOS_DEPLOYMENT_TARGET = 13.4;
				MTL_ENABLE_DEBUG_INFO = INCLUDE_SOURCE;
				MTL_FAST_MATH = YES;
				ONLY_ACTIVE_ARCH = YES;
				SDKROOT = iphoneos;
				SWIFT_ACTIVE_COMPILATION_CONDITIONS = DEBUG;
				SWIFT_OPTIMIZATION_LEVEL = "-Onone";
			};
			name = Debug;
		};
		9DAD67FA245D4A0400A52F7B /* Release */ = {
			isa = XCBuildConfiguration;
			buildSettings = {
				ALWAYS_SEARCH_USER_PATHS = NO;
				CLANG_ANALYZER_NONNULL = YES;
				CLANG_ANALYZER_NUMBER_OBJECT_CONVERSION = YES_AGGRESSIVE;
				CLANG_CXX_LANGUAGE_STANDARD = "gnu++14";
				CLANG_CXX_LIBRARY = "libc++";
				CLANG_ENABLE_MODULES = YES;
				CLANG_ENABLE_OBJC_ARC = YES;
				CLANG_ENABLE_OBJC_WEAK = YES;
				CLANG_WARN_BLOCK_CAPTURE_AUTORELEASING = YES;
				CLANG_WARN_BOOL_CONVERSION = YES;
				CLANG_WARN_COMMA = YES;
				CLANG_WARN_CONSTANT_CONVERSION = YES;
				CLANG_WARN_DEPRECATED_OBJC_IMPLEMENTATIONS = YES;
				CLANG_WARN_DIRECT_OBJC_ISA_USAGE = YES_ERROR;
				CLANG_WARN_DOCUMENTATION_COMMENTS = YES;
				CLANG_WARN_EMPTY_BODY = YES;
				CLANG_WARN_ENUM_CONVERSION = YES;
				CLANG_WARN_INFINITE_RECURSION = YES;
				CLANG_WARN_INT_CONVERSION = YES;
				CLANG_WARN_NON_LITERAL_NULL_CONVERSION = YES;
				CLANG_WARN_OBJC_IMPLICIT_RETAIN_SELF = YES;
				CLANG_WARN_OBJC_LITERAL_CONVERSION = YES;
				CLANG_WARN_OBJC_ROOT_CLASS = YES_ERROR;
				CLANG_WARN_RANGE_LOOP_ANALYSIS = YES;
				CLANG_WARN_STRICT_PROTOTYPES = YES;
				CLANG_WARN_SUSPICIOUS_MOVE = YES;
				CLANG_WARN_UNGUARDED_AVAILABILITY = YES_AGGRESSIVE;
				CLANG_WARN_UNREACHABLE_CODE = YES;
				CLANG_WARN__DUPLICATE_METHOD_MATCH = YES;
				COPY_PHASE_STRIP = NO;
				DEBUG_INFORMATION_FORMAT = "dwarf-with-dsym";
				ENABLE_NS_ASSERTIONS = NO;
				ENABLE_STRICT_OBJC_MSGSEND = YES;
				GCC_C_LANGUAGE_STANDARD = gnu11;
				GCC_NO_COMMON_BLOCKS = YES;
				GCC_WARN_64_TO_32_BIT_CONVERSION = YES;
				GCC_WARN_ABOUT_RETURN_TYPE = YES_ERROR;
				GCC_WARN_UNDECLARED_SELECTOR = YES;
				GCC_WARN_UNINITIALIZED_AUTOS = YES_AGGRESSIVE;
				GCC_WARN_UNUSED_FUNCTION = YES;
				GCC_WARN_UNUSED_VARIABLE = YES;
				IPHONEOS_DEPLOYMENT_TARGET = 13.4;
				MTL_ENABLE_DEBUG_INFO = NO;
				MTL_FAST_MATH = YES;
				SDKROOT = iphoneos;
				SWIFT_COMPILATION_MODE = wholemodule;
				SWIFT_OPTIMIZATION_LEVEL = "-O";
				VALIDATE_PRODUCT = YES;
			};
			name = Release;
		};
		9DAD67FC245D4A0400A52F7B /* Debug */ = {
			isa = XCBuildConfiguration;
			baseConfigurationReference = 5C5CFEFFAA3A911A9ACDEE57 /* Pods-TheNews.debug.xcconfig */;
			buildSettings = {
				ASSETCATALOG_COMPILER_APPICON_NAME = AppIcon;
				CODE_SIGN_STYLE = Automatic;
				DEVELOPMENT_TEAM = 3594YJPK22;
				INFOPLIST_FILE = TheNews/Info.plist;
				IPHONEOS_DEPLOYMENT_TARGET = 12.0;
				LD_RUNPATH_SEARCH_PATHS = (
					"$(inherited)",
					"@executable_path/Frameworks",
				);
				PRODUCT_BUNDLE_IDENTIFIER = com.developer.TheNews;
				PRODUCT_NAME = "The News";
				SWIFT_VERSION = 5.0;
				TARGETED_DEVICE_FAMILY = "1,2";
			};
			name = Debug;
		};
		9DAD67FD245D4A0400A52F7B /* Release */ = {
			isa = XCBuildConfiguration;
			baseConfigurationReference = C546197959DB674B1A7EF0CE /* Pods-TheNews.release.xcconfig */;
			buildSettings = {
				ASSETCATALOG_COMPILER_APPICON_NAME = AppIcon;
				CODE_SIGN_STYLE = Automatic;
				DEVELOPMENT_TEAM = 3594YJPK22;
				INFOPLIST_FILE = TheNews/Info.plist;
				IPHONEOS_DEPLOYMENT_TARGET = 12.0;
				LD_RUNPATH_SEARCH_PATHS = (
					"$(inherited)",
					"@executable_path/Frameworks",
				);
				PRODUCT_BUNDLE_IDENTIFIER = com.developer.TheNews;
				PRODUCT_NAME = "The News";
				SWIFT_VERSION = 5.0;
				TARGETED_DEVICE_FAMILY = "1,2";
			};
			name = Release;
		};
		9DAD67FF245D4A0400A52F7B /* Debug */ = {
			isa = XCBuildConfiguration;
			baseConfigurationReference = F15DB42510B9E2D8B19222A8 /* Pods-TheNewsTests.debug.xcconfig */;
			buildSettings = {
				ALWAYS_EMBED_SWIFT_STANDARD_LIBRARIES = YES;
				BUNDLE_LOADER = "$(TEST_HOST)";
				CODE_SIGN_STYLE = Automatic;
				DEVELOPMENT_TEAM = 3594YJPK22;
				INFOPLIST_FILE = TheNewsTests/Info.plist;
				IPHONEOS_DEPLOYMENT_TARGET = 13.4;
				LD_RUNPATH_SEARCH_PATHS = (
					"$(inherited)",
					"@executable_path/Frameworks",
					"@loader_path/Frameworks",
				);
				PRODUCT_BUNDLE_IDENTIFIER = com.developer.TheNewsTests;
				PRODUCT_NAME = "$(TARGET_NAME)";
				SWIFT_VERSION = 5.0;
				TARGETED_DEVICE_FAMILY = "1,2";
				TEST_HOST = "$(BUILT_PRODUCTS_DIR)/TheNews.app/TheNews";
			};
			name = Debug;
		};
		9DAD6800245D4A0400A52F7B /* Release */ = {
			isa = XCBuildConfiguration;
			baseConfigurationReference = 7DD38A4456487CFF6E89A97A /* Pods-TheNewsTests.release.xcconfig */;
			buildSettings = {
				ALWAYS_EMBED_SWIFT_STANDARD_LIBRARIES = YES;
				BUNDLE_LOADER = "$(TEST_HOST)";
				CODE_SIGN_STYLE = Automatic;
				DEVELOPMENT_TEAM = 3594YJPK22;
				INFOPLIST_FILE = TheNewsTests/Info.plist;
				IPHONEOS_DEPLOYMENT_TARGET = 13.4;
				LD_RUNPATH_SEARCH_PATHS = (
					"$(inherited)",
					"@executable_path/Frameworks",
					"@loader_path/Frameworks",
				);
				PRODUCT_BUNDLE_IDENTIFIER = com.developer.TheNewsTests;
				PRODUCT_NAME = "$(TARGET_NAME)";
				SWIFT_VERSION = 5.0;
				TARGETED_DEVICE_FAMILY = "1,2";
				TEST_HOST = "$(BUILT_PRODUCTS_DIR)/TheNews.app/TheNews";
			};
			name = Release;
		};
/* End XCBuildConfiguration section */

/* Begin XCConfigurationList section */
		9DAD67D7245D4A0300A52F7B /* Build configuration list for PBXProject "TheNews" */ = {
			isa = XCConfigurationList;
			buildConfigurations = (
				9DAD67F9245D4A0400A52F7B /* Debug */,
				9DAD67FA245D4A0400A52F7B /* Release */,
			);
			defaultConfigurationIsVisible = 0;
			defaultConfigurationName = Release;
		};
		9DAD67FB245D4A0400A52F7B /* Build configuration list for PBXNativeTarget "TheNews" */ = {
			isa = XCConfigurationList;
			buildConfigurations = (
				9DAD67FC245D4A0400A52F7B /* Debug */,
				9DAD67FD245D4A0400A52F7B /* Release */,
			);
			defaultConfigurationIsVisible = 0;
			defaultConfigurationName = Release;
		};
		9DAD67FE245D4A0400A52F7B /* Build configuration list for PBXNativeTarget "TheNewsTests" */ = {
			isa = XCConfigurationList;
			buildConfigurations = (
				9DAD67FF245D4A0400A52F7B /* Debug */,
				9DAD6800245D4A0400A52F7B /* Release */,
			);
			defaultConfigurationIsVisible = 0;
			defaultConfigurationName = Release;
		};
/* End XCConfigurationList section */
	};
	rootObject = 9DAD67D4245D4A0300A52F7B /* Project object */;
}
